// !$*UTF8*$!
{
	archiveVersion = 1;
	classes = {
	};
	objectVersion = 50;
	objects = {

/* Begin PBXBuildFile section */
		5332403925FD639A007156B4 /* MediaCellView.swift in Sources */ = {isa = PBXBuildFile; fileRef = 5332403825FD639A007156B4 /* MediaCellView.swift */; };
		5332403C25FD63E9007156B4 /* Extensions.swift in Sources */ = {isa = PBXBuildFile; fileRef = 5332403B25FD63E9007156B4 /* Extensions.swift */; };
		5332403F25FD6A2F007156B4 /* ScoreView.swift in Sources */ = {isa = PBXBuildFile; fileRef = 5332403E25FD6A2F007156B4 /* ScoreView.swift */; };
		5332404225FD6FE6007156B4 /* MediaDetailView.swift in Sources */ = {isa = PBXBuildFile; fileRef = 5332404125FD6FE6007156B4 /* MediaDetailView.swift */; };
		5332404525FD794B007156B4 /* WebView.swift in Sources */ = {isa = PBXBuildFile; fileRef = 5332404425FD794B007156B4 /* WebView.swift */; };
		533EC12225F857C200D45DCA /* MovieSeriesApp.swift in Sources */ = {isa = PBXBuildFile; fileRef = 533EC12125F857C200D45DCA /* MovieSeriesApp.swift */; };
		533EC12425F857C200D45DCA /* MovieSeriesView.swift in Sources */ = {isa = PBXBuildFile; fileRef = 533EC12325F857C200D45DCA /* MovieSeriesView.swift */; };
		533EC12625F857C300D45DCA /* Assets.xcassets in Resources */ = {isa = PBXBuildFile; fileRef = 533EC12525F857C300D45DCA /* Assets.xcassets */; };
		533EC12925F857C300D45DCA /* Preview Assets.xcassets in Resources */ = {isa = PBXBuildFile; fileRef = 533EC12825F857C300D45DCA /* Preview Assets.xcassets */; };
		533EC13225F8584700D45DCA /* Colors.xcassets in Resources */ = {isa = PBXBuildFile; fileRef = 533EC13125F8584700D45DCA /* Colors.xcassets */; };
		533EC13625F8592900D45DCA /* Roboto in Resources */ = {isa = PBXBuildFile; fileRef = 533EC13525F8592900D45DCA /* Roboto */; };
		533EC13925F859C100D45DCA /* Fonts.swift in Sources */ = {isa = PBXBuildFile; fileRef = 533EC13825F859C100D45DCA /* Fonts.swift */; };
		533EC13C25F85C7000D45DCA /* NavigationBarModifier.swift in Sources */ = {isa = PBXBuildFile; fileRef = 533EC13B25F85C7000D45DCA /* NavigationBarModifier.swift */; };
		533EC13F25F85D5200D45DCA /* Media.swift in Sources */ = {isa = PBXBuildFile; fileRef = 533EC13E25F85D5200D45DCA /* Media.swift */; };
		533EC14225F85DDA00D45DCA /* Enumerators.swift in Sources */ = {isa = PBXBuildFile; fileRef = 533EC14125F85DDA00D45DCA /* Enumerators.swift */; };
		533EC14525F85F8E00D45DCA /* MediaModel.swift in Sources */ = {isa = PBXBuildFile; fileRef = 533EC14425F85F8E00D45DCA /* MediaModel.swift */; };
		533EC14C25F8613F00D45DCA /* MovieView.swift in Sources */ = {isa = PBXBuildFile; fileRef = 533EC14B25F8613F00D45DCA /* MovieView.swift */; };
		533EC14F25F8617300D45DCA /* SeriesView.swift in Sources */ = {isa = PBXBuildFile; fileRef = 533EC14E25F8617300D45DCA /* SeriesView.swift */; };
/* End PBXBuildFile section */

/* Begin PBXFileReference section */
		5332403825FD639A007156B4 /* MediaCellView.swift */ = {isa = PBXFileReference; lastKnownFileType = sourcecode.swift; path = MediaCellView.swift; sourceTree = "<group>"; };
		5332403B25FD63E9007156B4 /* Extensions.swift */ = {isa = PBXFileReference; lastKnownFileType = sourcecode.swift; path = Extensions.swift; sourceTree = "<group>"; };
		5332403E25FD6A2F007156B4 /* ScoreView.swift */ = {isa = PBXFileReference; lastKnownFileType = sourcecode.swift; path = ScoreView.swift; sourceTree = "<group>"; };
		5332404125FD6FE6007156B4 /* MediaDetailView.swift */ = {isa = PBXFileReference; lastKnownFileType = sourcecode.swift; path = MediaDetailView.swift; sourceTree = "<group>"; };
		5332404425FD794B007156B4 /* WebView.swift */ = {isa = PBXFileReference; lastKnownFileType = sourcecode.swift; path = WebView.swift; sourceTree = "<group>"; };
		533EC11E25F857C200D45DCA /* MovieSeries.app */ = {isa = PBXFileReference; explicitFileType = wrapper.application; includeInIndex = 0; path = MovieSeries.app; sourceTree = BUILT_PRODUCTS_DIR; };
		533EC12125F857C200D45DCA /* MovieSeriesApp.swift */ = {isa = PBXFileReference; lastKnownFileType = sourcecode.swift; path = MovieSeriesApp.swift; sourceTree = "<group>"; };
		533EC12325F857C200D45DCA /* MovieSeriesView.swift */ = {isa = PBXFileReference; lastKnownFileType = sourcecode.swift; path = MovieSeriesView.swift; sourceTree = "<group>"; };
		533EC12525F857C300D45DCA /* Assets.xcassets */ = {isa = PBXFileReference; lastKnownFileType = folder.assetcatalog; path = Assets.xcassets; sourceTree = "<group>"; };
		533EC12825F857C300D45DCA /* Preview Assets.xcassets */ = {isa = PBXFileReference; lastKnownFileType = folder.assetcatalog; path = "Preview Assets.xcassets"; sourceTree = "<group>"; };
		533EC12A25F857C300D45DCA /* Info.plist */ = {isa = PBXFileReference; lastKnownFileType = text.plist.xml; path = Info.plist; sourceTree = "<group>"; };
		533EC13125F8584700D45DCA /* Colors.xcassets */ = {isa = PBXFileReference; lastKnownFileType = folder.assetcatalog; path = Colors.xcassets; sourceTree = "<group>"; };
		533EC13525F8592900D45DCA /* Roboto */ = {isa = PBXFileReference; lastKnownFileType = folder; path = Roboto; sourceTree = "<group>"; };
		533EC13825F859C100D45DCA /* Fonts.swift */ = {isa = PBXFileReference; lastKnownFileType = sourcecode.swift; path = Fonts.swift; sourceTree = "<group>"; };
		533EC13B25F85C7000D45DCA /* NavigationBarModifier.swift */ = {isa = PBXFileReference; lastKnownFileType = sourcecode.swift; path = NavigationBarModifier.swift; sourceTree = "<group>"; };
		533EC13E25F85D5200D45DCA /* Media.swift */ = {isa = PBXFileReference; lastKnownFileType = sourcecode.swift; path = Media.swift; sourceTree = "<group>"; };
		533EC14125F85DDA00D45DCA /* Enumerators.swift */ = {isa = PBXFileReference; lastKnownFileType = sourcecode.swift; path = Enumerators.swift; sourceTree = "<group>"; };
		533EC14425F85F8E00D45DCA /* MediaModel.swift */ = {isa = PBXFileReference; lastKnownFileType = sourcecode.swift; path = MediaModel.swift; sourceTree = "<group>"; };
		533EC14B25F8613F00D45DCA /* MovieView.swift */ = {isa = PBXFileReference; lastKnownFileType = sourcecode.swift; path = MovieView.swift; sourceTree = "<group>"; };
		533EC14E25F8617300D45DCA /* SeriesView.swift */ = {isa = PBXFileReference; lastKnownFileType = sourcecode.swift; path = SeriesView.swift; sourceTree = "<group>"; };
/* End PBXFileReference section */

/* Begin PBXFrameworksBuildPhase section */
		533EC11B25F857C200D45DCA /* Frameworks */ = {
			isa = PBXFrameworksBuildPhase;
			buildActionMask = 2147483647;
			files = (
			);
			runOnlyForDeploymentPostprocessing = 0;
		};
/* End PBXFrameworksBuildPhase section */

/* Begin PBXGroup section */
		533EC11525F857C200D45DCA = {
			isa = PBXGroup;
			children = (
				533EC12025F857C200D45DCA /* MovieSeries */,
				533EC11F25F857C200D45DCA /* Products */,
			);
			sourceTree = "<group>";
		};
		533EC11F25F857C200D45DCA /* Products */ = {
			isa = PBXGroup;
			children = (
				533EC11E25F857C200D45DCA /* MovieSeries.app */,
			);
			name = Products;
			sourceTree = "<group>";
		};
		533EC12025F857C200D45DCA /* MovieSeries */ = {
			isa = PBXGroup;
			children = (
				533EC13425F8590200D45DCA /* Fonts */,
				533EC12125F857C200D45DCA /* MovieSeriesApp.swift */,
				533EC12325F857C200D45DCA /* MovieSeriesView.swift */,
				533EC14B25F8613F00D45DCA /* MovieView.swift */,
				5332403E25FD6A2F007156B4 /* ScoreView.swift */,
				5332403825FD639A007156B4 /* MediaCellView.swift */,
				5332403B25FD63E9007156B4 /* Extensions.swift */,
				533EC14E25F8617300D45DCA /* SeriesView.swift */,
				5332404125FD6FE6007156B4 /* MediaDetailView.swift */,
				5332404425FD794B007156B4 /* WebView.swift */,
				533EC13125F8584700D45DCA /* Colors.xcassets */,
				533EC12525F857C300D45DCA /* Assets.xcassets */,
				533EC13B25F85C7000D45DCA /* NavigationBarModifier.swift */,
				533EC13E25F85D5200D45DCA /* Media.swift */,
				533EC14125F85DDA00D45DCA /* Enumerators.swift */,
				533EC14425F85F8E00D45DCA /* MediaModel.swift */,
				533EC12A25F857C300D45DCA /* Info.plist */,
				533EC13825F859C100D45DCA /* Fonts.swift */,
				533EC12725F857C300D45DCA /* Preview Content */,
			);
			path = MovieSeries;
			sourceTree = "<group>";
		};
		533EC12725F857C300D45DCA /* Preview Content */ = {
			isa = PBXGroup;
			children = (
				533EC12825F857C300D45DCA /* Preview Assets.xcassets */,
			);
			path = "Preview Content";
			sourceTree = "<group>";
		};
		533EC13425F8590200D45DCA /* Fonts */ = {
			isa = PBXGroup;
			children = (
				533EC13525F8592900D45DCA /* Roboto */,
			);
			path = Fonts;
			sourceTree = "<group>";
		};
/* End PBXGroup section */

/* Begin PBXNativeTarget section */
		533EC11D25F857C200D45DCA /* MovieSeries */ = {
			isa = PBXNativeTarget;
			buildConfigurationList = 533EC12D25F857C300D45DCA /* Build configuration list for PBXNativeTarget "MovieSeries" */;
			buildPhases = (
				533EC11A25F857C200D45DCA /* Sources */,
				533EC11B25F857C200D45DCA /* Frameworks */,
				533EC11C25F857C200D45DCA /* Resources */,
			);
			buildRules = (
			);
			dependencies = (
			);
			name = MovieSeries;
			productName = MovieSeries;
			productReference = 533EC11E25F857C200D45DCA /* MovieSeries.app */;
			productType = "com.apple.product-type.application";
		};
/* End PBXNativeTarget section */

/* Begin PBXProject section */
		533EC11625F857C200D45DCA /* Project object */ = {
			isa = PBXProject;
			attributes = {
				LastSwiftUpdateCheck = 1240;
				LastUpgradeCheck = 1240;
				TargetAttributes = {
					533EC11D25F857C200D45DCA = {
						CreatedOnToolsVersion = 12.4;
					};
				};
			};
			buildConfigurationList = 533EC11925F857C200D45DCA /* Build configuration list for PBXProject "MovieSeries" */;
			compatibilityVersion = "Xcode 9.3";
			developmentRegion = en;
			hasScannedForEncodings = 0;
			knownRegions = (
				en,
				Base,
			);
			mainGroup = 533EC11525F857C200D45DCA;
			productRefGroup = 533EC11F25F857C200D45DCA /* Products */;
			projectDirPath = "";
			projectRoot = "";
			targets = (
				533EC11D25F857C200D45DCA /* MovieSeries */,
			);
		};
/* End PBXProject section */

/* Begin PBXResourcesBuildPhase section */
		533EC11C25F857C200D45DCA /* Resources */ = {
			isa = PBXResourcesBuildPhase;
			buildActionMask = 2147483647;
			files = (
				533EC13225F8584700D45DCA /* Colors.xcassets in Resources */,
				533EC12925F857C300D45DCA /* Preview Assets.xcassets in Resources */,
				533EC12625F857C300D45DCA /* Assets.xcassets in Resources */,
				533EC13625F8592900D45DCA /* Roboto in Resources */,
			);
			runOnlyForDeploymentPostprocessing = 0;
		};
/* End PBXResourcesBuildPhase section */

/* Begin PBXSourcesBuildPhase section */
		533EC11A25F857C200D45DCA /* Sources */ = {
			isa = PBXSourcesBuildPhase;
			buildActionMask = 2147483647;
			files = (
				533EC12425F857C200D45DCA /* MovieSeriesView.swift in Sources */,
				533EC13925F859C100D45DCA /* Fonts.swift in Sources */,
				533EC14F25F8617300D45DCA /* SeriesView.swift in Sources */,
				533EC13C25F85C7000D45DCA /* NavigationBarModifier.swift in Sources */,
				533EC14525F85F8E00D45DCA /* MediaModel.swift in Sources */,
				5332403F25FD6A2F007156B4 /* ScoreView.swift in Sources */,
				533EC12225F857C200D45DCA /* MovieSeriesApp.swift in Sources */,
				5332404225FD6FE6007156B4 /* MediaDetailView.swift in Sources */,
				533EC14C25F8613F00D45DCA /* MovieView.swift in Sources */,
				5332403925FD639A007156B4 /* MediaCellView.swift in Sources */,
				533EC13F25F85D5200D45DCA /* Media.swift in Sources */,
				5332403C25FD63E9007156B4 /* Extensions.swift in Sources */,
				533EC14225F85DDA00D45DCA /* Enumerators.swift in Sources */,
				5332404525FD794B007156B4 /* WebView.swift in Sources */,
			);
			runOnlyForDeploymentPostprocessing = 0;
		};
/* End PBXSourcesBuildPhase section */

/* Begin XCBuildConfiguration section */
		533EC12B25F857C300D45DCA /* Debug */ = {
			isa = XCBuildConfiguration;
			buildSettings = {
				ALWAYS_SEARCH_USER_PATHS = NO;
				CLANG_ANALYZER_NONNULL = YES;
				CLANG_ANALYZER_NUMBER_OBJECT_CONVERSION = YES_AGGRESSIVE;
				CLANG_CXX_LANGUAGE_STANDARD = "gnu++14";
				CLANG_CXX_LIBRARY = "libc++";
				CLANG_ENABLE_MODULES = YES;
				CLANG_ENABLE_OBJC_ARC = YES;
				CLANG_ENABLE_OBJC_WEAK = YES;
				CLANG_WARN_BLOCK_CAPTURE_AUTORELEASING = YES;
				CLANG_WARN_BOOL_CONVERSION = YES;
				CLANG_WARN_COMMA = YES;
				CLANG_WARN_CONSTANT_CONVERSION = YES;
				CLANG_WARN_DEPRECATED_OBJC_IMPLEMENTATIONS = YES;
				CLANG_WARN_DIRECT_OBJC_ISA_USAGE = YES_ERROR;
				CLANG_WARN_DOCUMENTATION_COMMENTS = YES;
				CLANG_WARN_EMPTY_BODY = YES;
				CLANG_WARN_ENUM_CONVERSION = YES;
				CLANG_WARN_INFINITE_RECURSION = YES;
				CLANG_WARN_INT_CONVERSION = YES;
				CLANG_WARN_NON_LITERAL_NULL_CONVERSION = YES;
				CLANG_WARN_OBJC_IMPLICIT_RETAIN_SELF = YES;
				CLANG_WARN_OBJC_LITERAL_CONVERSION = YES;
				CLANG_WARN_OBJC_ROOT_CLASS = YES_ERROR;
				CLANG_WARN_QUOTED_INCLUDE_IN_FRAMEWORK_HEADER = YES;
				CLANG_WARN_RANGE_LOOP_ANALYSIS = YES;
				CLANG_WARN_STRICT_PROTOTYPES = YES;
				CLANG_WARN_SUSPICIOUS_MOVE = YES;
				CLANG_WARN_UNGUARDED_AVAILABILITY = YES_AGGRESSIVE;
				CLANG_WARN_UNREACHABLE_CODE = YES;
				CLANG_WARN__DUPLICATE_METHOD_MATCH = YES;
				COPY_PHASE_STRIP = NO;
				DEBUG_INFORMATION_FORMAT = dwarf;
				ENABLE_STRICT_OBJC_MSGSEND = YES;
				ENABLE_TESTABILITY = YES;
				GCC_C_LANGUAGE_STANDARD = gnu11;
				GCC_DYNAMIC_NO_PIC = NO;
				GCC_NO_COMMON_BLOCKS = YES;
				GCC_OPTIMIZATION_LEVEL = 0;
				GCC_PREPROCESSOR_DEFINITIONS = (
					"DEBUG=1",
					"$(inherited)",
				);
				GCC_WARN_64_TO_32_BIT_CONVERSION = YES;
				GCC_WARN_ABOUT_RETURN_TYPE = YES_ERROR;
				GCC_WARN_UNDECLARED_SELECTOR = YES;
				GCC_WARN_UNINITIALIZED_AUTOS = YES_AGGRESSIVE;
				GCC_WARN_UNUSED_FUNCTION = YES;
				GCC_WARN_UNUSED_VARIABLE = YES;
				IPHONEOS_DEPLOYMENT_TARGET = 14.4;
				MTL_ENABLE_DEBUG_INFO = INCLUDE_SOURCE;
				MTL_FAST_MATH = YES;
				ONLY_ACTIVE_ARCH = YES;
				SDKROOT = iphoneos;
				SWIFT_ACTIVE_COMPILATION_CONDITIONS = DEBUG;
				SWIFT_OPTIMIZATION_LEVEL = "-Onone";
			};
			name = Debug;
		};
		533EC12C25F857C300D45DCA /* Release */ = {
			isa = XCBuildConfiguration;
			buildSettings = {
				ALWAYS_SEARCH_USER_PATHS = NO;
				CLANG_ANALYZER_NONNULL = YES;
				CLANG_ANALYZER_NUMBER_OBJECT_CONVERSION = YES_AGGRESSIVE;
				CLANG_CXX_LANGUAGE_STANDARD = "gnu++14";
				CLANG_CXX_LIBRARY = "libc++";
				CLANG_ENABLE_MODULES = YES;
				CLANG_ENABLE_OBJC_ARC = YES;
				CLANG_ENABLE_OBJC_WEAK = YES;
				CLANG_WARN_BLOCK_CAPTURE_AUTORELEASING = YES;
				CLANG_WARN_BOOL_CONVERSION = YES;
				CLANG_WARN_COMMA = YES;
				CLANG_WARN_CONSTANT_CONVERSION = YES;
				CLANG_WARN_DEPRECATED_OBJC_IMPLEMENTATIONS = YES;
				CLANG_WARN_DIRECT_OBJC_ISA_USAGE = YES_ERROR;
				CLANG_WARN_DOCUMENTATION_COMMENTS = YES;
				CLANG_WARN_EMPTY_BODY = YES;
				CLANG_WARN_ENUM_CONVERSION = YES;
				CLANG_WARN_INFINITE_RECURSION = YES;
				CLANG_WARN_INT_CONVERSION = YES;
				CLANG_WARN_NON_LITERAL_NULL_CONVERSION = YES;
				CLANG_WARN_OBJC_IMPLICIT_RETAIN_SELF = YES;
				CLANG_WARN_OBJC_LITERAL_CONVERSION = YES;
				CLANG_WARN_OBJC_ROOT_CLASS = YES_ERROR;
				CLANG_WARN_QUOTED_INCLUDE_IN_FRAMEWORK_HEADER = YES;
				CLANG_WARN_RANGE_LOOP_ANALYSIS = YES;
				CLANG_WARN_STRICT_PROTOTYPES = YES;
				CLANG_WARN_SUSPICIOUS_MOVE = YES;
				CLANG_WARN_UNGUARDED_AVAILABILITY = YES_AGGRESSIVE;
				CLANG_WARN_UNREACHABLE_CODE = YES;
				CLANG_WARN__DUPLICATE_METHOD_MATCH = YES;
				COPY_PHASE_STRIP = NO;
				DEBUG_INFORMATION_FORMAT = "dwarf-with-dsym";
				ENABLE_NS_ASSERTIONS = NO;
				ENABLE_STRICT_OBJC_MSGSEND = YES;
				GCC_C_LANGUAGE_STANDARD = gnu11;
				GCC_NO_COMMON_BLOCKS = YES;
				GCC_WARN_64_TO_32_BIT_CONVERSION = YES;
				GCC_WARN_ABOUT_RETURN_TYPE = YES_ERROR;
				GCC_WARN_UNDECLARED_SELECTOR = YES;
				GCC_WARN_UNINITIALIZED_AUTOS = YES_AGGRESSIVE;
				GCC_WARN_UNUSED_FUNCTION = YES;
				GCC_WARN_UNUSED_VARIABLE = YES;
				IPHONEOS_DEPLOYMENT_TARGET = 14.4;
				MTL_ENABLE_DEBUG_INFO = NO;
				MTL_FAST_MATH = YES;
				SDKROOT = iphoneos;
				SWIFT_COMPILATION_MODE = wholemodule;
				SWIFT_OPTIMIZATION_LEVEL = "-O";
				VALIDATE_PRODUCT = YES;
			};
			name = Release;
		};
		533EC12E25F857C300D45DCA /* Debug */ = {
			isa = XCBuildConfiguration;
			buildSettings = {
				ASSETCATALOG_COMPILER_APPICON_NAME = AppIcon;
				ASSETCATALOG_COMPILER_GLOBAL_ACCENT_COLOR_NAME = AccentColor;
				CODE_SIGN_STYLE = Automatic;
				DEVELOPMENT_ASSET_PATHS = "\"MovieSeries/Preview Content\"";
				DEVELOPMENT_TEAM = 59266NU798;
				ENABLE_PREVIEWS = YES;
				INFOPLIST_FILE = MovieSeries/Info.plist;
				IPHONEOS_DEPLOYMENT_TARGET = 14.0;
				LD_RUNPATH_SEARCH_PATHS = (
					"$(inherited)",
					"@executable_path/Frameworks",
				);
				PRODUCT_BUNDLE_IDENTIFIER = A01400672.MovieSeries;
				PRODUCT_NAME = "$(TARGET_NAME)";
				SWIFT_VERSION = 5.0;
				TARGETED_DEVICE_FAMILY = "1,2";
			};
			name = Debug;
		};
		533EC12F25F857C300D45DCA /* Release */ = {
			isa = XCBuildConfiguration;
			buildSettings = {
				ASSETCATALOG_COMPILER_APPICON_NAME = AppIcon;
				ASSETCATALOG_COMPILER_GLOBAL_ACCENT_COLOR_NAME = AccentColor;
				CODE_SIGN_STYLE = Automatic;
				DEVELOPMENT_ASSET_PATHS = "\"MovieSeries/Preview Content\"";
				DEVELOPMENT_TEAM = 59266NU798;
				ENABLE_PREVIEWS = YES;
				INFOPLIST_FILE = MovieSeries/Info.plist;
				IPHONEOS_DEPLOYMENT_TARGET = 14.0;
				LD_RUNPATH_SEARCH_PATHS = (
					"$(inherited)",
					"@executable_path/Frameworks",
				);
				PRODUCT_BUNDLE_IDENTIFIER = A01400672.MovieSeries;
				PRODUCT_NAME = "$(TARGET_NAME)";
				SWIFT_VERSION = 5.0;
				TARGETED_DEVICE_FAMILY = "1,2";
			};
			name = Release;
		};
/* End XCBuildConfiguration section */

/* Begin XCConfigurationList section */
		533EC11925F857C200D45DCA /* Build configuration list for PBXProject "MovieSeries" */ = {
			isa = XCConfigurationList;
			buildConfigurations = (
				533EC12B25F857C300D45DCA /* Debug */,
				533EC12C25F857C300D45DCA /* Release */,
			);
			defaultConfigurationIsVisible = 0;
			defaultConfigurationName = Release;
		};
		533EC12D25F857C300D45DCA /* Build configuration list for PBXNativeTarget "MovieSeries" */ = {
			isa = XCConfigurationList;
			buildConfigurations = (
				533EC12E25F857C300D45DCA /* Debug */,
				533EC12F25F857C300D45DCA /* Release */,
			);
			defaultConfigurationIsVisible = 0;
			defaultConfigurationName = Release;
		};
/* End XCConfigurationList section */
	};
	rootObject = 533EC11625F857C200D45DCA /* Project object */;
}
